
Microsoft Visual Studio Solution File, Format Version 12.00
# Visual Studio Version 17
VisualStudioVersion = 17.8.34511.84
MinimumVisualStudioVersion = 10.0.40219.1
Project("{FAE04EC0-301F-11D3-BF4B-00C04F79EFBC}") = "SODV2202_FinalProject_Group7", "SODV2202_FinalProject_Group7.csproj", "{5B18EAAF-A303-486A-B6CA-25FD6E12DA0E}"
EndProject
Global
	GlobalSection(SolutionConfigurationPlatforms) = preSolution
		Debug|Any CPU = Debug|Any CPU
		Release|Any CPU = Release|Any CPU
	EndGlobalSection
	GlobalSection(ProjectConfigurationPlatforms) = postSolution
		{5B18EAAF-A303-486A-B6CA-25FD6E12DA0E}.Debug|Any CPU.ActiveCfg = Debug|Any CPU
		{5B18EAAF-A303-486A-B6CA-25FD6E12DA0E}.Debug|Any CPU.Build.0 = Debug|Any CPU
		{5B18EAAF-A303-486A-B6CA-25FD6E12DA0E}.Release|Any CPU.ActiveCfg = Release|Any CPU
		{5B18EAAF-A303-486A-B6CA-25FD6E12DA0E}.Release|Any CPU.Build.0 = Release|Any CPU
	EndGlobalSection
	GlobalSection(SolutionProperties) = preSolution
		HideSolutionNode = FALSE
	EndGlobalSection
	GlobalSection(ExtensibilityGlobals) = postSolution
		SolutionGuid = {E7F5AD40-A85F-413C-8806-11CF2D429064}
	EndGlobalSection
EndGlobal
